
Microsoft Visual Studio Solution File, Format Version 12.00
# Visual Studio Version 16
VisualStudioVersion = 16.0.31112.23
MinimumVisualStudioVersion = 10.0.40219.1
Project("{FAE04EC0-301F-11D3-BF4B-00C04F79EFBC}") = "Atividade-2", "Atividade-2\Atividade-2.csproj", "{62DA6EE9-712F-47AC-8331-D18806F32F0D}"
EndProject
Global
	GlobalSection(SolutionConfigurationPlatforms) = preSolution
		Debug|Any CPU = Debug|Any CPU
		Release|Any CPU = Release|Any CPU
	EndGlobalSection
	GlobalSection(ProjectConfigurationPlatforms) = postSolution
		{62DA6EE9-712F-47AC-8331-D18806F32F0D}.Debug|Any CPU.ActiveCfg = Debug|Any CPU
		{62DA6EE9-712F-47AC-8331-D18806F32F0D}.Debug|Any CPU.Build.0 = Debug|Any CPU
		{62DA6EE9-712F-47AC-8331-D18806F32F0D}.Release|Any CPU.ActiveCfg = Release|Any CPU
		{62DA6EE9-712F-47AC-8331-D18806F32F0D}.Release|Any CPU.Build.0 = Release|Any CPU
	EndGlobalSection
	GlobalSection(SolutionProperties) = preSolution
		HideSolutionNode = FALSE
	EndGlobalSection
	GlobalSection(ExtensibilityGlobals) = postSolution
		SolutionGuid = {41FB692B-E01C-47CF-8F6B-BFADD08C6325}
	EndGlobalSection
EndGlobal
