
Microsoft Visual Studio Solution File, Format Version 12.00
# Visual Studio Version 16
VisualStudioVersion = 16.0.31515.178
MinimumVisualStudioVersion = 10.0.40219.1
Project("{FAE04EC0-301F-11D3-BF4B-00C04F79EFBC}") = "Listas", "Listas\Listas.csproj", "{D9AA16AE-712F-43DC-9789-D7A96F18754B}"
EndProject
Global
	GlobalSection(SolutionConfigurationPlatforms) = preSolution
		Debug|Any CPU = Debug|Any CPU
		Release|Any CPU = Release|Any CPU
	EndGlobalSection
	GlobalSection(ProjectConfigurationPlatforms) = postSolution
		{D9AA16AE-712F-43DC-9789-D7A96F18754B}.Debug|Any CPU.ActiveCfg = Debug|Any CPU
		{D9AA16AE-712F-43DC-9789-D7A96F18754B}.Debug|Any CPU.Build.0 = Debug|Any CPU
		{D9AA16AE-712F-43DC-9789-D7A96F18754B}.Release|Any CPU.ActiveCfg = Release|Any CPU
		{D9AA16AE-712F-43DC-9789-D7A96F18754B}.Release|Any CPU.Build.0 = Release|Any CPU
	EndGlobalSection
	GlobalSection(SolutionProperties) = preSolution
		HideSolutionNode = FALSE
	EndGlobalSection
	GlobalSection(ExtensibilityGlobals) = postSolution
		SolutionGuid = {0C2993BB-0076-4A34-9ACD-A1892B2C9D0B}
	EndGlobalSection
EndGlobal
