
Microsoft Visual Studio Solution File, Format Version 12.00
# Visual Studio Version 16
VisualStudioVersion = 16.0.31112.23
MinimumVisualStudioVersion = 10.0.40219.1
Project("{FAE04EC0-301F-11D3-BF4B-00C04F79EFBC}") = "Atividade-8", "Atividade-8\Atividade-8.csproj", "{BBA7E6B3-781F-4319-A228-E60E59C39E24}"
EndProject
Global
	GlobalSection(SolutionConfigurationPlatforms) = preSolution
		Debug|Any CPU = Debug|Any CPU
		Release|Any CPU = Release|Any CPU
	EndGlobalSection
	GlobalSection(ProjectConfigurationPlatforms) = postSolution
		{BBA7E6B3-781F-4319-A228-E60E59C39E24}.Debug|Any CPU.ActiveCfg = Debug|Any CPU
		{BBA7E6B3-781F-4319-A228-E60E59C39E24}.Debug|Any CPU.Build.0 = Debug|Any CPU
		{BBA7E6B3-781F-4319-A228-E60E59C39E24}.Release|Any CPU.ActiveCfg = Release|Any CPU
		{BBA7E6B3-781F-4319-A228-E60E59C39E24}.Release|Any CPU.Build.0 = Release|Any CPU
	EndGlobalSection
	GlobalSection(SolutionProperties) = preSolution
		HideSolutionNode = FALSE
	EndGlobalSection
	GlobalSection(ExtensibilityGlobals) = postSolution
		SolutionGuid = {C555606B-7BC4-43BA-9109-04AE0640B8B3}
	EndGlobalSection
EndGlobal
