
Microsoft Visual Studio Solution File, Format Version 12.00
# Visual Studio Version 16
VisualStudioVersion = 16.0.31112.23
MinimumVisualStudioVersion = 10.0.40219.1
Project("{FAE04EC0-301F-11D3-BF4B-00C04F79EFBC}") = "Estrutura-Enquanto", "Estrutura-Enquanto\Estrutura-Enquanto.csproj", "{2344EB76-3948-4EB0-9F87-38CB397F7CC2}"
EndProject
Global
	GlobalSection(SolutionConfigurationPlatforms) = preSolution
		Debug|Any CPU = Debug|Any CPU
		Release|Any CPU = Release|Any CPU
	EndGlobalSection
	GlobalSection(ProjectConfigurationPlatforms) = postSolution
		{2344EB76-3948-4EB0-9F87-38CB397F7CC2}.Debug|Any CPU.ActiveCfg = Debug|Any CPU
		{2344EB76-3948-4EB0-9F87-38CB397F7CC2}.Debug|Any CPU.Build.0 = Debug|Any CPU
		{2344EB76-3948-4EB0-9F87-38CB397F7CC2}.Release|Any CPU.ActiveCfg = Release|Any CPU
		{2344EB76-3948-4EB0-9F87-38CB397F7CC2}.Release|Any CPU.Build.0 = Release|Any CPU
	EndGlobalSection
	GlobalSection(SolutionProperties) = preSolution
		HideSolutionNode = FALSE
	EndGlobalSection
	GlobalSection(ExtensibilityGlobals) = postSolution
		SolutionGuid = {A3325F90-F02E-46C1-8D7E-4CCC303CF138}
	EndGlobalSection
EndGlobal
