
Microsoft Visual Studio Solution File, Format Version 12.00
# Visual Studio Version 16
VisualStudioVersion = 16.0.31112.23
MinimumVisualStudioVersion = 10.0.40219.1
Project("{FAE04EC0-301F-11D3-BF4B-00C04F79EFBC}") = "Atividade-2", "Atividade-2\Atividade-2.csproj", "{E22E6D07-2271-4DB9-A3DF-DE0674F89082}"
EndProject
Global
	GlobalSection(SolutionConfigurationPlatforms) = preSolution
		Debug|Any CPU = Debug|Any CPU
		Release|Any CPU = Release|Any CPU
	EndGlobalSection
	GlobalSection(ProjectConfigurationPlatforms) = postSolution
		{E22E6D07-2271-4DB9-A3DF-DE0674F89082}.Debug|Any CPU.ActiveCfg = Debug|Any CPU
		{E22E6D07-2271-4DB9-A3DF-DE0674F89082}.Debug|Any CPU.Build.0 = Debug|Any CPU
		{E22E6D07-2271-4DB9-A3DF-DE0674F89082}.Release|Any CPU.ActiveCfg = Release|Any CPU
		{E22E6D07-2271-4DB9-A3DF-DE0674F89082}.Release|Any CPU.Build.0 = Release|Any CPU
	EndGlobalSection
	GlobalSection(SolutionProperties) = preSolution
		HideSolutionNode = FALSE
	EndGlobalSection
	GlobalSection(ExtensibilityGlobals) = postSolution
		SolutionGuid = {CF54EEB3-9734-4323-BDB6-586CFF8BBD3C}
	EndGlobalSection
EndGlobal
