
Microsoft Visual Studio Solution File, Format Version 12.00
# Visual Studio Version 16
VisualStudioVersion = 16.0.31112.23
MinimumVisualStudioVersion = 10.0.40219.1
Project("{FAE04EC0-301F-11D3-BF4B-00C04F79EFBC}") = "Atividade-3", "Atividade-3\Atividade-3.csproj", "{990D8E35-59E3-4C10-A918-C9A2DF409492}"
EndProject
Global
	GlobalSection(SolutionConfigurationPlatforms) = preSolution
		Debug|Any CPU = Debug|Any CPU
		Release|Any CPU = Release|Any CPU
	EndGlobalSection
	GlobalSection(ProjectConfigurationPlatforms) = postSolution
		{990D8E35-59E3-4C10-A918-C9A2DF409492}.Debug|Any CPU.ActiveCfg = Debug|Any CPU
		{990D8E35-59E3-4C10-A918-C9A2DF409492}.Debug|Any CPU.Build.0 = Debug|Any CPU
		{990D8E35-59E3-4C10-A918-C9A2DF409492}.Release|Any CPU.ActiveCfg = Release|Any CPU
		{990D8E35-59E3-4C10-A918-C9A2DF409492}.Release|Any CPU.Build.0 = Release|Any CPU
	EndGlobalSection
	GlobalSection(SolutionProperties) = preSolution
		HideSolutionNode = FALSE
	EndGlobalSection
	GlobalSection(ExtensibilityGlobals) = postSolution
		SolutionGuid = {B83F3213-B07B-4D1F-9052-C4662F8FCCEF}
	EndGlobalSection
EndGlobal
