
Microsoft Visual Studio Solution File, Format Version 12.00
# Visual Studio Version 16
VisualStudioVersion = 16.0.31112.23
MinimumVisualStudioVersion = 10.0.40219.1
Project("{FAE04EC0-301F-11D3-BF4B-00C04F79EFBC}") = "Atividade-3", "Atividade-3\Atividade-3.csproj", "{953B11B9-833C-475E-968C-81F0D82CADF6}"
EndProject
Global
	GlobalSection(SolutionConfigurationPlatforms) = preSolution
		Debug|Any CPU = Debug|Any CPU
		Release|Any CPU = Release|Any CPU
	EndGlobalSection
	GlobalSection(ProjectConfigurationPlatforms) = postSolution
		{953B11B9-833C-475E-968C-81F0D82CADF6}.Debug|Any CPU.ActiveCfg = Debug|Any CPU
		{953B11B9-833C-475E-968C-81F0D82CADF6}.Debug|Any CPU.Build.0 = Debug|Any CPU
		{953B11B9-833C-475E-968C-81F0D82CADF6}.Release|Any CPU.ActiveCfg = Release|Any CPU
		{953B11B9-833C-475E-968C-81F0D82CADF6}.Release|Any CPU.Build.0 = Release|Any CPU
	EndGlobalSection
	GlobalSection(SolutionProperties) = preSolution
		HideSolutionNode = FALSE
	EndGlobalSection
	GlobalSection(ExtensibilityGlobals) = postSolution
		SolutionGuid = {075903D1-AB30-4736-948A-5F4F8BE78422}
	EndGlobalSection
EndGlobal
