
Microsoft Visual Studio Solution File, Format Version 12.00
# Visual Studio Version 16
VisualStudioVersion = 16.0.31515.178
MinimumVisualStudioVersion = 10.0.40219.1
Project("{FAE04EC0-301F-11D3-BF4B-00C04F79EFBC}") = "Nulllabe", "Nulllabe\Nulllabe.csproj", "{61ACD7BC-98AA-439A-8E30-AEB9086EE25E}"
EndProject
Global
	GlobalSection(SolutionConfigurationPlatforms) = preSolution
		Debug|Any CPU = Debug|Any CPU
		Release|Any CPU = Release|Any CPU
	EndGlobalSection
	GlobalSection(ProjectConfigurationPlatforms) = postSolution
		{61ACD7BC-98AA-439A-8E30-AEB9086EE25E}.Debug|Any CPU.ActiveCfg = Debug|Any CPU
		{61ACD7BC-98AA-439A-8E30-AEB9086EE25E}.Debug|Any CPU.Build.0 = Debug|Any CPU
		{61ACD7BC-98AA-439A-8E30-AEB9086EE25E}.Release|Any CPU.ActiveCfg = Release|Any CPU
		{61ACD7BC-98AA-439A-8E30-AEB9086EE25E}.Release|Any CPU.Build.0 = Release|Any CPU
	EndGlobalSection
	GlobalSection(SolutionProperties) = preSolution
		HideSolutionNode = FALSE
	EndGlobalSection
	GlobalSection(ExtensibilityGlobals) = postSolution
		SolutionGuid = {714CD390-9787-484F-B029-1574CD88DA8D}
	EndGlobalSection
EndGlobal
