
Microsoft Visual Studio Solution File, Format Version 12.00
# Visual Studio Version 16
VisualStudioVersion = 16.0.31112.23
MinimumVisualStudioVersion = 10.0.40219.1
Project("{FAE04EC0-301F-11D3-BF4B-00C04F79EFBC}") = "Atividade-membros_estáticos", "Atividade-membros_estáticos\Atividade-membros_estáticos.csproj", "{CCA93EDC-E948-46A9-B6F8-0EE2F174C303}"
EndProject
Global
	GlobalSection(SolutionConfigurationPlatforms) = preSolution
		Debug|Any CPU = Debug|Any CPU
		Release|Any CPU = Release|Any CPU
	EndGlobalSection
	GlobalSection(ProjectConfigurationPlatforms) = postSolution
		{CCA93EDC-E948-46A9-B6F8-0EE2F174C303}.Debug|Any CPU.ActiveCfg = Debug|Any CPU
		{CCA93EDC-E948-46A9-B6F8-0EE2F174C303}.Debug|Any CPU.Build.0 = Debug|Any CPU
		{CCA93EDC-E948-46A9-B6F8-0EE2F174C303}.Release|Any CPU.ActiveCfg = Release|Any CPU
		{CCA93EDC-E948-46A9-B6F8-0EE2F174C303}.Release|Any CPU.Build.0 = Release|Any CPU
	EndGlobalSection
	GlobalSection(SolutionProperties) = preSolution
		HideSolutionNode = FALSE
	EndGlobalSection
	GlobalSection(ExtensibilityGlobals) = postSolution
		SolutionGuid = {14F00115-E203-40D0-A69E-B89BEFEFE6C8}
	EndGlobalSection
EndGlobal
