
Microsoft Visual Studio Solution File, Format Version 12.00
# Visual Studio Version 16
VisualStudioVersion = 16.0.31112.23
MinimumVisualStudioVersion = 10.0.40219.1
Project("{FAE04EC0-301F-11D3-BF4B-00C04F79EFBC}") = "Atividade-4", "Atividade-4\Atividade-4.csproj", "{3C1D2BF7-6A2D-46F9-8639-2E2541DF4375}"
EndProject
Global
	GlobalSection(SolutionConfigurationPlatforms) = preSolution
		Debug|Any CPU = Debug|Any CPU
		Release|Any CPU = Release|Any CPU
	EndGlobalSection
	GlobalSection(ProjectConfigurationPlatforms) = postSolution
		{3C1D2BF7-6A2D-46F9-8639-2E2541DF4375}.Debug|Any CPU.ActiveCfg = Debug|Any CPU
		{3C1D2BF7-6A2D-46F9-8639-2E2541DF4375}.Debug|Any CPU.Build.0 = Debug|Any CPU
		{3C1D2BF7-6A2D-46F9-8639-2E2541DF4375}.Release|Any CPU.ActiveCfg = Release|Any CPU
		{3C1D2BF7-6A2D-46F9-8639-2E2541DF4375}.Release|Any CPU.Build.0 = Release|Any CPU
	EndGlobalSection
	GlobalSection(SolutionProperties) = preSolution
		HideSolutionNode = FALSE
	EndGlobalSection
	GlobalSection(ExtensibilityGlobals) = postSolution
		SolutionGuid = {7D73C2BD-153F-4D1C-9DB0-234D0C4D05A3}
	EndGlobalSection
EndGlobal
