
Microsoft Visual Studio Solution File, Format Version 12.00
# Visual Studio Version 16
VisualStudioVersion = 16.0.31112.23
MinimumVisualStudioVersion = 10.0.40219.1
Project("{FAE04EC0-301F-11D3-BF4B-00C04F79EFBC}") = "Atividade-1", "Atividade-1\Atividade-1.csproj", "{DCEDF6D0-AA6C-4E80-B4CC-CFDAB2A53BC3}"
EndProject
Global
	GlobalSection(SolutionConfigurationPlatforms) = preSolution
		Debug|Any CPU = Debug|Any CPU
		Release|Any CPU = Release|Any CPU
	EndGlobalSection
	GlobalSection(ProjectConfigurationPlatforms) = postSolution
		{DCEDF6D0-AA6C-4E80-B4CC-CFDAB2A53BC3}.Debug|Any CPU.ActiveCfg = Debug|Any CPU
		{DCEDF6D0-AA6C-4E80-B4CC-CFDAB2A53BC3}.Debug|Any CPU.Build.0 = Debug|Any CPU
		{DCEDF6D0-AA6C-4E80-B4CC-CFDAB2A53BC3}.Release|Any CPU.ActiveCfg = Release|Any CPU
		{DCEDF6D0-AA6C-4E80-B4CC-CFDAB2A53BC3}.Release|Any CPU.Build.0 = Release|Any CPU
	EndGlobalSection
	GlobalSection(SolutionProperties) = preSolution
		HideSolutionNode = FALSE
	EndGlobalSection
	GlobalSection(ExtensibilityGlobals) = postSolution
		SolutionGuid = {56DAA19F-5561-4F5A-A6E1-64C73F82513D}
	EndGlobalSection
EndGlobal
