
Microsoft Visual Studio Solution File, Format Version 12.00
# Visual Studio Version 16
VisualStudioVersion = 16.0.31515.178
MinimumVisualStudioVersion = 10.0.40219.1
Project("{FAE04EC0-301F-11D3-BF4B-00C04F79EFBC}") = "Vetores", "Vetores\Vetores.csproj", "{E594A548-FBB9-4BF6-95AA-B0287D03D4D5}"
EndProject
Global
	GlobalSection(SolutionConfigurationPlatforms) = preSolution
		Debug|Any CPU = Debug|Any CPU
		Release|Any CPU = Release|Any CPU
	EndGlobalSection
	GlobalSection(ProjectConfigurationPlatforms) = postSolution
		{E594A548-FBB9-4BF6-95AA-B0287D03D4D5}.Debug|Any CPU.ActiveCfg = Debug|Any CPU
		{E594A548-FBB9-4BF6-95AA-B0287D03D4D5}.Debug|Any CPU.Build.0 = Debug|Any CPU
		{E594A548-FBB9-4BF6-95AA-B0287D03D4D5}.Release|Any CPU.ActiveCfg = Release|Any CPU
		{E594A548-FBB9-4BF6-95AA-B0287D03D4D5}.Release|Any CPU.Build.0 = Release|Any CPU
	EndGlobalSection
	GlobalSection(SolutionProperties) = preSolution
		HideSolutionNode = FALSE
	EndGlobalSection
	GlobalSection(ExtensibilityGlobals) = postSolution
		SolutionGuid = {61B2940C-DFF4-4F74-AA8D-15CEB519B784}
	EndGlobalSection
EndGlobal
